
Microsoft Visual Studio Solution File, Format Version 12.00
# Visual Studio Version 16
VisualStudioVersion = 16.0.32630.194
MinimumVisualStudioVersion = 10.0.40219.1
Project("{FAE04EC0-301F-11D3-BF4B-00C04F79EFBC}") = "API", "API\API.csproj", "{85D62532-FF76-4565-B8E3-C887929864CF}"
EndProject
Project("{FAE04EC0-301F-11D3-BF4B-00C04F79EFBC}") = "DAL", "DAL\DAL.csproj", "{11928D07-DE91-474B-A911-C5F990E75439}"
EndProject
Project("{FAE04EC0-301F-11D3-BF4B-00C04F79EFBC}") = "BL", "BL\BL.csproj", "{CF7B7E04-3518-4383-BF5B-61C63FC39450}"
EndProject
Project("{FAE04EC0-301F-11D3-BF4B-00C04F79EFBC}") = "DTO", "DTO\DTO.csproj", "{1B129BAF-1059-45BE-B0C4-5B5769CEF0F3}"
EndProject
Global
	GlobalSection(SolutionConfigurationPlatforms) = preSolution
		Debug|Any CPU = Debug|Any CPU
		Release|Any CPU = Release|Any CPU
	EndGlobalSection
	GlobalSection(ProjectConfigurationPlatforms) = postSolution
		{85D62532-FF76-4565-B8E3-C887929864CF}.Debug|Any CPU.ActiveCfg = Debug|Any CPU
		{85D62532-FF76-4565-B8E3-C887929864CF}.Debug|Any CPU.Build.0 = Debug|Any CPU
		{85D62532-FF76-4565-B8E3-C887929864CF}.Release|Any CPU.ActiveCfg = Release|Any CPU
		{85D62532-FF76-4565-B8E3-C887929864CF}.Release|Any CPU.Build.0 = Release|Any CPU
		{11928D07-DE91-474B-A911-C5F990E75439}.Debug|Any CPU.ActiveCfg = Debug|Any CPU
		{11928D07-DE91-474B-A911-C5F990E75439}.Debug|Any CPU.Build.0 = Debug|Any CPU
		{11928D07-DE91-474B-A911-C5F990E75439}.Release|Any CPU.ActiveCfg = Release|Any CPU
		{11928D07-DE91-474B-A911-C5F990E75439}.Release|Any CPU.Build.0 = Release|Any CPU
		{CF7B7E04-3518-4383-BF5B-61C63FC39450}.Debug|Any CPU.ActiveCfg = Debug|Any CPU
		{CF7B7E04-3518-4383-BF5B-61C63FC39450}.Debug|Any CPU.Build.0 = Debug|Any CPU
		{CF7B7E04-3518-4383-BF5B-61C63FC39450}.Release|Any CPU.ActiveCfg = Release|Any CPU
		{CF7B7E04-3518-4383-BF5B-61C63FC39450}.Release|Any CPU.Build.0 = Release|Any CPU
		{1B129BAF-1059-45BE-B0C4-5B5769CEF0F3}.Debug|Any CPU.ActiveCfg = Debug|Any CPU
		{1B129BAF-1059-45BE-B0C4-5B5769CEF0F3}.Debug|Any CPU.Build.0 = Debug|Any CPU
		{1B129BAF-1059-45BE-B0C4-5B5769CEF0F3}.Release|Any CPU.ActiveCfg = Release|Any CPU
		{1B129BAF-1059-45BE-B0C4-5B5769CEF0F3}.Release|Any CPU.Build.0 = Release|Any CPU
	EndGlobalSection
	GlobalSection(SolutionProperties) = preSolution
		HideSolutionNode = FALSE
	EndGlobalSection
	GlobalSection(ExtensibilityGlobals) = postSolution
		SolutionGuid = {10A2C9EB-B552-48A6-A3A7-0A0A5CB8345C}
	EndGlobalSection
EndGlobal
